
Microsoft Visual Studio Solution File, Format Version 12.00
# Visual Studio Version 17
VisualStudioVersion = 17.11.35327.3
MinimumVisualStudioVersion = 10.0.40219.1
Project("{FAE04EC0-301F-11D3-BF4B-00C04F79EFBC}") = "school_system", "school_system\school_system.csproj", "{42D98653-E492-4599-BBFC-63119B28E8AD}"
EndProject
Global
	GlobalSection(SolutionConfigurationPlatforms) = preSolution
		Debug|Any CPU = Debug|Any CPU
		Release|Any CPU = Release|Any CPU
	EndGlobalSection
	GlobalSection(ProjectConfigurationPlatforms) = postSolution
		{42D98653-E492-4599-BBFC-63119B28E8AD}.Debug|Any CPU.ActiveCfg = Debug|Any CPU
		{42D98653-E492-4599-BBFC-63119B28E8AD}.Debug|Any CPU.Build.0 = Debug|Any CPU
		{42D98653-E492-4599-BBFC-63119B28E8AD}.Release|Any CPU.ActiveCfg = Release|Any CPU
		{42D98653-E492-4599-BBFC-63119B28E8AD}.Release|Any CPU.Build.0 = Release|Any CPU
	EndGlobalSection
	GlobalSection(SolutionProperties) = preSolution
		HideSolutionNode = FALSE
	EndGlobalSection
	GlobalSection(ExtensibilityGlobals) = postSolution
		SolutionGuid = {72A8738B-F272-43EA-AA04-DC53308490F9}
	EndGlobalSection
EndGlobal
